// !$*UTF8*$!
{
	archiveVersion = 1;
	classes = {
	};
	objectVersion = 77;
	objects = {

/* Begin PBXContainerItemProxy section */
		C32958732D1FD61A003B5668 /* PBXContainerItemProxy */ = {
			isa = PBXContainerItemProxy;
			containerPortal = C329585A2D1FD619003B5668 /* Project object */;
			proxyType = 1;
			remoteGlobalIDString = C32958612D1FD619003B5668;
			remoteInfo = "Test task";
		};
		C329587D2D1FD61A003B5668 /* PBXContainerItemProxy */ = {
			isa = PBXContainerItemProxy;
			containerPortal = C329585A2D1FD619003B5668 /* Project object */;
			proxyType = 1;
			remoteGlobalIDString = C32958612D1FD619003B5668;
			remoteInfo = "Test task";
		};
/* End PBXContainerItemProxy section */

/* Begin PBXFileReference section */
		C32958622D1FD619003B5668 /* Test task.app */ = {isa = PBXFileReference; explicitFileType = wrapper.application; includeInIndex = 0; path = "Test task.app"; sourceTree = BUILT_PRODUCTS_DIR; };
		C32958722D1FD61A003B5668 /* Test taskTests.xctest */ = {isa = PBXFileReference; explicitFileType = wrapper.cfbundle; includeInIndex = 0; path = "Test taskTests.xctest"; sourceTree = BUILT_PRODUCTS_DIR; };
		C329587C2D1FD61A003B5668 /* Test taskUITests.xctest */ = {isa = PBXFileReference; explicitFileType = wrapper.cfbundle; includeInIndex = 0; path = "Test taskUITests.xctest"; sourceTree = BUILT_PRODUCTS_DIR; };
/* End PBXFileReference section */

/* Begin PBXFileSystemSynchronizedRootGroup section */
		C32958642D1FD619003B5668 /* Task */ = {
			isa = PBXFileSystemSynchronizedRootGroup;
			path = Task;
			sourceTree = "<group>";
		};
		C32958752D1FD61A003B5668 /* TaskTests */ = {
			isa = PBXFileSystemSynchronizedRootGroup;
			path = TaskTests;
			sourceTree = "<group>";
		};
		C329587F2D1FD61A003B5668 /* TaskUITests */ = {
			isa = PBXFileSystemSynchronizedRootGroup;
			path = TaskUITests;
			sourceTree = "<group>";
		};
		C32958912D1FD803003B5668 /* Resources */ = {
			isa = PBXFileSystemSynchronizedRootGroup;
			path = Resources;
			sourceTree = "<group>";
		};
		C32958942D1FD806003B5668 /* Preview Content */ = {
			isa = PBXFileSystemSynchronizedRootGroup;
			path = "Preview Content";
			sourceTree = "<group>";
		};
/* End PBXFileSystemSynchronizedRootGroup section */

/* Begin PBXFrameworksBuildPhase section */
		C329585F2D1FD619003B5668 /* Frameworks */ = {
			isa = PBXFrameworksBuildPhase;
			buildActionMask = 2147483647;
			files = (
			);
			runOnlyForDeploymentPostprocessing = 0;
		};
		C329586F2D1FD61A003B5668 /* Frameworks */ = {
			isa = PBXFrameworksBuildPhase;
			buildActionMask = 2147483647;
			files = (
			);
			runOnlyForDeploymentPostprocessing = 0;
		};
		C32958792D1FD61A003B5668 /* Frameworks */ = {
			isa = PBXFrameworksBuildPhase;
			buildActionMask = 2147483647;
			files = (
			);
			runOnlyForDeploymentPostprocessing = 0;
		};
/* End PBXFrameworksBuildPhase section */

/* Begin PBXGroup section */
		C32958592D1FD619003B5668 = {
			isa = PBXGroup;
			children = (
				C32958642D1FD619003B5668 /* Task */,
				C32958912D1FD803003B5668 /* Resources */,
				C32958942D1FD806003B5668 /* Preview Content */,
				C32958752D1FD61A003B5668 /* TaskTests */,
				C329587F2D1FD61A003B5668 /* TaskUITests */,
				C32958632D1FD619003B5668 /* Products */,
			);
			sourceTree = "<group>";
		};
		C32958632D1FD619003B5668 /* Products */ = {
			isa = PBXGroup;
			children = (
				C32958622D1FD619003B5668 /* Test task.app */,
				C32958722D1FD61A003B5668 /* Test taskTests.xctest */,
				C329587C2D1FD61A003B5668 /* Test taskUITests.xctest */,
			);
			name = Products;
			sourceTree = "<group>";
		};
/* End PBXGroup section */

/* Begin PBXNativeTarget section */
		C32958612D1FD619003B5668 /* Test task */ = {
			isa = PBXNativeTarget;
			buildConfigurationList = C32958862D1FD61A003B5668 /* Build configuration list for PBXNativeTarget "Test task" */;
			buildPhases = (
				C329585E2D1FD619003B5668 /* Sources */,
				C329585F2D1FD619003B5668 /* Frameworks */,
				C32958602D1FD619003B5668 /* Resources */,
			);
			buildRules = (
			);
			dependencies = (
			);
			fileSystemSynchronizedGroups = (
				C32958642D1FD619003B5668 /* Task */,
				C32958912D1FD803003B5668 /* Resources */,
				C32958942D1FD806003B5668 /* Preview Content */,
			);
			name = "Test task";
			packageProductDependencies = (
			);
			productName = "Test task";
			productReference = C32958622D1FD619003B5668 /* Test task.app */;
			productType = "com.apple.product-type.application";
		};
		C32958712D1FD61A003B5668 /* Test taskTests */ = {
			isa = PBXNativeTarget;
			buildConfigurationList = C32958892D1FD61A003B5668 /* Build configuration list for PBXNativeTarget "Test taskTests" */;
			buildPhases = (
				C329586E2D1FD61A003B5668 /* Sources */,
				C329586F2D1FD61A003B5668 /* Frameworks */,
				C32958702D1FD61A003B5668 /* Resources */,
			);
			buildRules = (
			);
			dependencies = (
				C32958742D1FD61A003B5668 /* PBXTargetDependency */,
			);
			fileSystemSynchronizedGroups = (
				C32958752D1FD61A003B5668 /* TaskTests */,
			);
			name = "Test taskTests";
			packageProductDependencies = (
			);
			productName = "Test taskTests";
			productReference = C32958722D1FD61A003B5668 /* Test taskTests.xctest */;
			productType = "com.apple.product-type.bundle.unit-test";
		};
		C329587B2D1FD61A003B5668 /* Test taskUITests */ = {
			isa = PBXNativeTarget;
			buildConfigurationList = C329588C2D1FD61A003B5668 /* Build configuration list for PBXNativeTarget "Test taskUITests" */;
			buildPhases = (
				C32958782D1FD61A003B5668 /* Sources */,
				C32958792D1FD61A003B5668 /* Frameworks */,
				C329587A2D1FD61A003B5668 /* Resources */,
			);
			buildRules = (
			);
			dependencies = (
				C329587E2D1FD61A003B5668 /* PBXTargetDependency */,
			);
			fileSystemSynchronizedGroups = (
				C329587F2D1FD61A003B5668 /* TaskUITests */,
			);
			name = "Test taskUITests";
			packageProductDependencies = (
			);
			productName = "Test taskUITests";
			productReference = C329587C2D1FD61A003B5668 /* Test taskUITests.xctest */;
			productType = "com.apple.product-type.bundle.ui-testing";
		};
/* End PBXNativeTarget section */

/* Begin PBXProject section */
		C329585A2D1FD619003B5668 /* Project object */ = {
			isa = PBXProject;
			attributes = {
				BuildIndependentTargetsInParallel = 1;
				LastSwiftUpdateCheck = 1620;
				LastUpgradeCheck = 1620;
				TargetAttributes = {
					C32958612D1FD619003B5668 = {
						CreatedOnToolsVersion = 16.2;
					};
					C32958712D1FD61A003B5668 = {
						CreatedOnToolsVersion = 16.2;
						TestTargetID = C32958612D1FD619003B5668;
					};
					C329587B2D1FD61A003B5668 = {
						CreatedOnToolsVersion = 16.2;
						TestTargetID = C32958612D1FD619003B5668;
					};
				};
			};
			buildConfigurationList = C329585D2D1FD619003B5668 /* Build configuration list for PBXProject "Test task" */;
			developmentRegion = en;
			hasScannedForEncodings = 0;
			knownRegions = (
				en,
				Base,
			);
			mainGroup = C32958592D1FD619003B5668;
			minimizedProjectReferenceProxies = 1;
			preferredProjectObjectVersion = 77;
			productRefGroup = C32958632D1FD619003B5668 /* Products */;
			projectDirPath = "";
			projectRoot = "";
			targets = (
				C32958612D1FD619003B5668 /* Test task */,
				C32958712D1FD61A003B5668 /* Test taskTests */,
				C329587B2D1FD61A003B5668 /* Test taskUITests */,
			);
		};
/* End PBXProject section */

/* Begin PBXResourcesBuildPhase section */
		C32958602D1FD619003B5668 /* Resources */ = {
			isa = PBXResourcesBuildPhase;
			buildActionMask = 2147483647;
			files = (
			);
			runOnlyForDeploymentPostprocessing = 0;
		};
		C32958702D1FD61A003B5668 /* Resources */ = {
			isa = PBXResourcesBuildPhase;
			buildActionMask = 2147483647;
			files = (
			);
			runOnlyForDeploymentPostprocessing = 0;
		};
		C329587A2D1FD61A003B5668 /* Resources */ = {
			isa = PBXResourcesBuildPhase;
			buildActionMask = 2147483647;
			files = (
			);
			runOnlyForDeploymentPostprocessing = 0;
		};
/* End PBXResourcesBuildPhase section */

/* Begin PBXSourcesBuildPhase section */
		C329585E2D1FD619003B5668 /* Sources */ = {
			isa = PBXSourcesBuildPhase;
			buildActionMask = 2147483647;
			files = (
			);
			runOnlyForDeploymentPostprocessing = 0;
		};
		C329586E2D1FD61A003B5668 /* Sources */ = {
			isa = PBXSourcesBuildPhase;
			buildActionMask = 2147483647;
			files = (
			);
			runOnlyForDeploymentPostprocessing = 0;
		};
		C32958782D1FD61A003B5668 /* Sources */ = {
			isa = PBXSourcesBuildPhase;
			buildActionMask = 2147483647;
			files = (
			);
			runOnlyForDeploymentPostprocessing = 0;
		};
/* End PBXSourcesBuildPhase section */

/* Begin PBXTargetDependency section */
		C32958742D1FD61A003B5668 /* PBXTargetDependency */ = {
			isa = PBXTargetDependency;
			target = C32958612D1FD619003B5668 /* Test task */;
			targetProxy = C32958732D1FD61A003B5668 /* PBXContainerItemProxy */;
		};
		C329587E2D1FD61A003B5668 /* PBXTargetDependency */ = {
			isa = PBXTargetDependency;
			target = C32958612D1FD619003B5668 /* Test task */;
			targetProxy = C329587D2D1FD61A003B5668 /* PBXContainerItemProxy */;
		};
/* End PBXTargetDependency section */

/* Begin XCBuildConfiguration section */
		C32958842D1FD61A003B5668 /* Debug */ = {
			isa = XCBuildConfiguration;
			buildSettings = {
				ALWAYS_SEARCH_USER_PATHS = NO;
				ASSETCATALOG_COMPILER_GENERATE_SWIFT_ASSET_SYMBOL_EXTENSIONS = YES;
				CLANG_ANALYZER_NONNULL = YES;
				CLANG_ANALYZER_NUMBER_OBJECT_CONVERSION = YES_AGGRESSIVE;
				CLANG_CXX_LANGUAGE_STANDARD = "gnu++20";
				CLANG_ENABLE_MODULES = YES;
				CLANG_ENABLE_OBJC_ARC = YES;
				CLANG_ENABLE_OBJC_WEAK = YES;
				CLANG_WARN_BLOCK_CAPTURE_AUTORELEASING = YES;
				CLANG_WARN_BOOL_CONVERSION = YES;
				CLANG_WARN_COMMA = YES;
				CLANG_WARN_CONSTANT_CONVERSION = YES;
				CLANG_WARN_DEPRECATED_OBJC_IMPLEMENTATIONS = YES;
				CLANG_WARN_DIRECT_OBJC_ISA_USAGE = YES_ERROR;
				CLANG_WARN_DOCUMENTATION_COMMENTS = YES;
				CLANG_WARN_EMPTY_BODY = YES;
				CLANG_WARN_ENUM_CONVERSION = YES;
				CLANG_WARN_INFINITE_RECURSION = YES;
				CLANG_WARN_INT_CONVERSION = YES;
				CLANG_WARN_NON_LITERAL_NULL_CONVERSION = YES;
				CLANG_WARN_OBJC_IMPLICIT_RETAIN_SELF = YES;
				CLANG_WARN_OBJC_LITERAL_CONVERSION = YES;
				CLANG_WARN_OBJC_ROOT_CLASS = YES_ERROR;
				CLANG_WARN_QUOTED_INCLUDE_IN_FRAMEWORK_HEADER = YES;
				CLANG_WARN_RANGE_LOOP_ANALYSIS = YES;
				CLANG_WARN_STRICT_PROTOTYPES = YES;
				CLANG_WARN_SUSPICIOUS_MOVE = YES;
				CLANG_WARN_UNGUARDED_AVAILABILITY = YES_AGGRESSIVE;
				CLANG_WARN_UNREACHABLE_CODE = YES;
				CLANG_WARN__DUPLICATE_METHOD_MATCH = YES;
				COPY_PHASE_STRIP = NO;
				DEBUG_INFORMATION_FORMAT = dwarf;
				ENABLE_STRICT_OBJC_MSGSEND = YES;
				ENABLE_TESTABILITY = YES;
				ENABLE_USER_SCRIPT_SANDBOXING = YES;
				GCC_C_LANGUAGE_STANDARD = gnu17;
				GCC_DYNAMIC_NO_PIC = NO;
				GCC_NO_COMMON_BLOCKS = YES;
				GCC_OPTIMIZATION_LEVEL = 0;
				GCC_PREPROCESSOR_DEFINITIONS = (
					"DEBUG=1",
					"$(inherited)",
				);
				GCC_WARN_64_TO_32_BIT_CONVERSION = YES;
				GCC_WARN_ABOUT_RETURN_TYPE = YES_ERROR;
				GCC_WARN_UNDECLARED_SELECTOR = YES;
				GCC_WARN_UNINITIALIZED_AUTOS = YES_AGGRESSIVE;
				GCC_WARN_UNUSED_FUNCTION = YES;
				GCC_WARN_UNUSED_VARIABLE = YES;
				IPHONEOS_DEPLOYMENT_TARGET = 18.2;
				LOCALIZATION_PREFERS_STRING_CATALOGS = YES;
				MTL_ENABLE_DEBUG_INFO = INCLUDE_SOURCE;
				MTL_FAST_MATH = YES;
				ONLY_ACTIVE_ARCH = YES;
				SDKROOT = iphoneos;
				SWIFT_ACTIVE_COMPILATION_CONDITIONS = "DEBUG $(inherited)";
				SWIFT_OPTIMIZATION_LEVEL = "-Onone";
			};
			name = Debug;
		};
		C32958852D1FD61A003B5668 /* Release */ = {
			isa = XCBuildConfiguration;
			buildSettings = {
				ALWAYS_SEARCH_USER_PATHS = NO;
				ASSETCATALOG_COMPILER_GENERATE_SWIFT_ASSET_SYMBOL_EXTENSIONS = YES;
				CLANG_ANALYZER_NONNULL = YES;
				CLANG_ANALYZER_NUMBER_OBJECT_CONVERSION = YES_AGGRESSIVE;
				CLANG_CXX_LANGUAGE_STANDARD = "gnu++20";
				CLANG_ENABLE_MODULES = YES;
				CLANG_ENABLE_OBJC_ARC = YES;
				CLANG_ENABLE_OBJC_WEAK = YES;
				CLANG_WARN_BLOCK_CAPTURE_AUTORELEASING = YES;
				CLANG_WARN_BOOL_CONVERSION = YES;
				CLANG_WARN_COMMA = YES;
				CLANG_WARN_CONSTANT_CONVERSION = YES;
				CLANG_WARN_DEPRECATED_OBJC_IMPLEMENTATIONS = YES;
				CLANG_WARN_DIRECT_OBJC_ISA_USAGE = YES_ERROR;
				CLANG_WARN_DOCUMENTATION_COMMENTS = YES;
				CLANG_WARN_EMPTY_BODY = YES;
				CLANG_WARN_ENUM_CONVERSION = YES;
				CLANG_WARN_INFINITE_RECURSION = YES;
				CLANG_WARN_INT_CONVERSION = YES;
				CLANG_WARN_NON_LITERAL_NULL_CONVERSION = YES;
				CLANG_WARN_OBJC_IMPLICIT_RETAIN_SELF = YES;
				CLANG_WARN_OBJC_LITERAL_CONVERSION = YES;
				CLANG_WARN_OBJC_ROOT_CLASS = YES_ERROR;
				CLANG_WARN_QUOTED_INCLUDE_IN_FRAMEWORK_HEADER = YES;
				CLANG_WARN_RANGE_LOOP_ANALYSIS = YES;
				CLANG_WARN_STRICT_PROTOTYPES = YES;
				CLANG_WARN_SUSPICIOUS_MOVE = YES;
				CLANG_WARN_UNGUARDED_AVAILABILITY = YES_AGGRESSIVE;
				CLANG_WARN_UNREACHABLE_CODE = YES;
				CLANG_WARN__DUPLICATE_METHOD_MATCH = YES;
				COPY_PHASE_STRIP = NO;
				DEBUG_INFORMATION_FORMAT = "dwarf-with-dsym";
				ENABLE_NS_ASSERTIONS = NO;
				ENABLE_STRICT_OBJC_MSGSEND = YES;
				ENABLE_USER_SCRIPT_SANDBOXING = YES;
				GCC_C_LANGUAGE_STANDARD = gnu17;
				GCC_NO_COMMON_BLOCKS = YES;
				GCC_WARN_64_TO_32_BIT_CONVERSION = YES;
				GCC_WARN_ABOUT_RETURN_TYPE = YES_ERROR;
				GCC_WARN_UNDECLARED_SELECTOR = YES;
				GCC_WARN_UNINITIALIZED_AUTOS = YES_AGGRESSIVE;
				GCC_WARN_UNUSED_FUNCTION = YES;
				GCC_WARN_UNUSED_VARIABLE = YES;
				IPHONEOS_DEPLOYMENT_TARGET = 18.2;
				LOCALIZATION_PREFERS_STRING_CATALOGS = YES;
				MTL_ENABLE_DEBUG_INFO = NO;
				MTL_FAST_MATH = YES;
				SDKROOT = iphoneos;
				SWIFT_COMPILATION_MODE = wholemodule;
				VALIDATE_PRODUCT = YES;
			};
			name = Release;
		};
		C32958872D1FD61A003B5668 /* Debug */ = {
			isa = XCBuildConfiguration;
			buildSettings = {
				ASSETCATALOG_COMPILER_APPICON_NAME = AppIcon;
				ASSETCATALOG_COMPILER_GLOBAL_ACCENT_COLOR_NAME = AccentColor;
				CODE_SIGN_STYLE = Automatic;
				CURRENT_PROJECT_VERSION = 1;
				DEVELOPMENT_ASSET_PATHS = "\"Task/Preview Content\"";
				ENABLE_PREVIEWS = YES;
				GENERATE_INFOPLIST_FILE = YES;
				INFOPLIST_KEY_UIApplicationSceneManifest_Generation = YES;
				INFOPLIST_KEY_UIApplicationSupportsIndirectInputEvents = YES;
				INFOPLIST_KEY_UILaunchScreen_Generation = YES;
				INFOPLIST_KEY_UISupportedInterfaceOrientations_iPad = "UIInterfaceOrientationPortrait UIInterfaceOrientationPortraitUpsideDown UIInterfaceOrientationLandscapeLeft UIInterfaceOrientationLandscapeRight";
				INFOPLIST_KEY_UISupportedInterfaceOrientations_iPhone = "UIInterfaceOrientationPortrait UIInterfaceOrientationLandscapeLeft UIInterfaceOrientationLandscapeRight";
				LD_RUNPATH_SEARCH_PATHS = (
					"$(inherited)",
					"@executable_path/Frameworks",
				);
				MARKETING_VERSION = 1.0;
				PRODUCT_BUNDLE_IDENTIFIER = "Shagiakhmetov.Test-task";
				PRODUCT_NAME = "$(TARGET_NAME)";
				SWIFT_EMIT_LOC_STRINGS = YES;
				SWIFT_VERSION = 5.0;
				TARGETED_DEVICE_FAMILY = "1,2";
			};
			name = Debug;
		};
		C32958882D1FD61A003B5668 /* Release */ = {
			isa = XCBuildConfiguration;
			buildSettings = {
				ASSETCATALOG_COMPILER_APPICON_NAME = AppIcon;
				ASSETCATALOG_COMPILER_GLOBAL_ACCENT_COLOR_NAME = AccentColor;
				CODE_SIGN_STYLE = Automatic;
				CURRENT_PROJECT_VERSION = 1;
				DEVELOPMENT_ASSET_PATHS = "\"Task/Preview Content\"";
				ENABLE_PREVIEWS = YES;
				GENERATE_INFOPLIST_FILE = YES;
				INFOPLIST_KEY_UIApplicationSceneManifest_Generation = YES;
				INFOPLIST_KEY_UIApplicationSupportsIndirectInputEvents = YES;
				INFOPLIST_KEY_UILaunchScreen_Generation = YES;
				INFOPLIST_KEY_UISupportedInterfaceOrientations_iPad = "UIInterfaceOrientationPortrait UIInterfaceOrientationPortraitUpsideDown UIInterfaceOrientationLandscapeLeft UIInterfaceOrientationLandscapeRight";
				INFOPLIST_KEY_UISupportedInterfaceOrientations_iPhone = "UIInterfaceOrientationPortrait UIInterfaceOrientationLandscapeLeft UIInterfaceOrientationLandscapeRight";
				LD_RUNPATH_SEARCH_PATHS = (
					"$(inherited)",
					"@executable_path/Frameworks",
				);
				MARKETING_VERSION = 1.0;
				PRODUCT_BUNDLE_IDENTIFIER = "Shagiakhmetov.Test-task";
				PRODUCT_NAME = "$(TARGET_NAME)";
				SWIFT_EMIT_LOC_STRINGS = YES;
				SWIFT_VERSION = 5.0;
				TARGETED_DEVICE_FAMILY = "1,2";
			};
			name = Release;
		};
		C329588A2D1FD61A003B5668 /* Debug */ = {
			isa = XCBuildConfiguration;
			buildSettings = {
				BUNDLE_LOADER = "$(TEST_HOST)";
				CODE_SIGN_STYLE = Automatic;
				CURRENT_PROJECT_VERSION = 1;
				GENERATE_INFOPLIST_FILE = YES;
				IPHONEOS_DEPLOYMENT_TARGET = 18.2;
				MARKETING_VERSION = 1.0;
				PRODUCT_BUNDLE_IDENTIFIER = "Shagiakhmetov.Test-taskTests";
				PRODUCT_NAME = "$(TARGET_NAME)";
				SWIFT_EMIT_LOC_STRINGS = NO;
				SWIFT_VERSION = 5.0;
				TARGETED_DEVICE_FAMILY = "1,2";
				TEST_HOST = "$(BUILT_PRODUCTS_DIR)/Test task.app/$(BUNDLE_EXECUTABLE_FOLDER_PATH)/Test task";
			};
			name = Debug;
		};
		C329588B2D1FD61A003B5668 /* Release */ = {
			isa = XCBuildConfiguration;
			buildSettings = {
				BUNDLE_LOADER = "$(TEST_HOST)";
				CODE_SIGN_STYLE = Automatic;
				CURRENT_PROJECT_VERSION = 1;
				GENERATE_INFOPLIST_FILE = YES;
				IPHONEOS_DEPLOYMENT_TARGET = 18.2;
				MARKETING_VERSION = 1.0;
				PRODUCT_BUNDLE_IDENTIFIER = "Shagiakhmetov.Test-taskTests";
				PRODUCT_NAME = "$(TARGET_NAME)";
				SWIFT_EMIT_LOC_STRINGS = NO;
				SWIFT_VERSION = 5.0;
				TARGETED_DEVICE_FAMILY = "1,2";
				TEST_HOST = "$(BUILT_PRODUCTS_DIR)/Test task.app/$(BUNDLE_EXECUTABLE_FOLDER_PATH)/Test task";
			};
			name = Release;
		};
		C329588D2D1FD61A003B5668 /* Debug */ = {
			isa = XCBuildConfiguration;
			buildSettings = {
				CODE_SIGN_STYLE = Automatic;
				CURRENT_PROJECT_VERSION = 1;
				GENERATE_INFOPLIST_FILE = YES;
				MARKETING_VERSION = 1.0;
				PRODUCT_BUNDLE_IDENTIFIER = "Shagiakhmetov.Test-taskUITests";
				PRODUCT_NAME = "$(TARGET_NAME)";
				SWIFT_EMIT_LOC_STRINGS = NO;
				SWIFT_VERSION = 5.0;
				TARGETED_DEVICE_FAMILY = "1,2";
				TEST_TARGET_NAME = "Test task";
			};
			name = Debug;
		};
		C329588E2D1FD61A003B5668 /* Release */ = {
			isa = XCBuildConfiguration;
			buildSettings = {
				CODE_SIGN_STYLE = Automatic;
				CURRENT_PROJECT_VERSION = 1;
				GENERATE_INFOPLIST_FILE = YES;
				MARKETING_VERSION = 1.0;
				PRODUCT_BUNDLE_IDENTIFIER = "Shagiakhmetov.Test-taskUITests";
				PRODUCT_NAME = "$(TARGET_NAME)";
				SWIFT_EMIT_LOC_STRINGS = NO;
				SWIFT_VERSION = 5.0;
				TARGETED_DEVICE_FAMILY = "1,2";
				TEST_TARGET_NAME = "Test task";
			};
			name = Release;
		};
/* End XCBuildConfiguration section */

/* Begin XCConfigurationList section */
		C329585D2D1FD619003B5668 /* Build configuration list for PBXProject "Test task" */ = {
			isa = XCConfigurationList;
			buildConfigurations = (
				C32958842D1FD61A003B5668 /* Debug */,
				C32958852D1FD61A003B5668 /* Release */,
			);
			defaultConfigurationIsVisible = 0;
			defaultConfigurationName = Release;
		};
		C32958862D1FD61A003B5668 /* Build configuration list for PBXNativeTarget "Test task" */ = {
			isa = XCConfigurationList;
			buildConfigurations = (
				C32958872D1FD61A003B5668 /* Debug */,
				C32958882D1FD61A003B5668 /* Release */,
			);
			defaultConfigurationIsVisible = 0;
			defaultConfigurationName = Release;
		};
		C32958892D1FD61A003B5668 /* Build configuration list for PBXNativeTarget "Test taskTests" */ = {
			isa = XCConfigurationList;
			buildConfigurations = (
				C329588A2D1FD61A003B5668 /* Debug */,
				C329588B2D1FD61A003B5668 /* Release */,
			);
			defaultConfigurationIsVisible = 0;
			defaultConfigurationName = Release;
		};
		C329588C2D1FD61A003B5668 /* Build configuration list for PBXNativeTarget "Test taskUITests" */ = {
			isa = XCConfigurationList;
			buildConfigurations = (
				C329588D2D1FD61A003B5668 /* Debug */,
				C329588E2D1FD61A003B5668 /* Release */,
			);
			defaultConfigurationIsVisible = 0;
			defaultConfigurationName = Release;
		};
/* End XCConfigurationList section */
	};
	rootObject = C329585A2D1FD619003B5668 /* Project object */;
}
